
Microsoft Visual Studio Solution File, Format Version 12.00
# Visual Studio Version 16
VisualStudioVersion = 16.0.29613.14
MinimumVisualStudioVersion = 10.0.40219.1
Project("{FAE04EC0-301F-11D3-BF4B-00C04F79EFBC}") = "DemoIssue1453_Ver10_3_5", "DemoIssue1453_Ver10_3_5\DemoIssue1453_Ver10_3_5.csproj", "{19D1A32D-3E69-4E51-85B2-B8442EBE069B}"
EndProject
Project("{9A19103F-16F7-4668-BE54-9A1E7A4F7556}") = "DemoIssue1453_Ver10_2_0", "DemoIssue1453_Ver10_2_0\DemoIssue1453_Ver10_2_0.csproj", "{EC3C4CE4-03DC-4F27-91C5-EEDF2407C74A}"
EndProject
Global
	GlobalSection(SolutionConfigurationPlatforms) = preSolution
		Debug|Any CPU = Debug|Any CPU
		Release|Any CPU = Release|Any CPU
	EndGlobalSection
	GlobalSection(ProjectConfigurationPlatforms) = postSolution
		{19D1A32D-3E69-4E51-85B2-B8442EBE069B}.Debug|Any CPU.ActiveCfg = Debug|Any CPU
		{19D1A32D-3E69-4E51-85B2-B8442EBE069B}.Debug|Any CPU.Build.0 = Debug|Any CPU
		{19D1A32D-3E69-4E51-85B2-B8442EBE069B}.Release|Any CPU.ActiveCfg = Release|Any CPU
		{19D1A32D-3E69-4E51-85B2-B8442EBE069B}.Release|Any CPU.Build.0 = Release|Any CPU
		{EC3C4CE4-03DC-4F27-91C5-EEDF2407C74A}.Debug|Any CPU.ActiveCfg = Debug|Any CPU
		{EC3C4CE4-03DC-4F27-91C5-EEDF2407C74A}.Debug|Any CPU.Build.0 = Debug|Any CPU
		{EC3C4CE4-03DC-4F27-91C5-EEDF2407C74A}.Release|Any CPU.ActiveCfg = Release|Any CPU
		{EC3C4CE4-03DC-4F27-91C5-EEDF2407C74A}.Release|Any CPU.Build.0 = Release|Any CPU
	EndGlobalSection
	GlobalSection(SolutionProperties) = preSolution
		HideSolutionNode = FALSE
	EndGlobalSection
	GlobalSection(ExtensibilityGlobals) = postSolution
		SolutionGuid = {8817B075-C919-41BD-8D33-596377DCFEAA}
	EndGlobalSection
EndGlobal
